
Microsoft Visual Studio Solution File, Format Version 12.00
# Visual Studio Version 16
VisualStudioVersion = 16.0.30717.126
MinimumVisualStudioVersion = 10.0.40219.1
Project("{8BC9CEB8-8B4A-11D0-8D11-00A0C91BC942}") = "SimpleChess", "SimpleChess\SimpleChess.vcxproj", "{C51EB7FA-D6D7-403F-8F3C-63D2ABE18B1F}"
EndProject
Global
	GlobalSection(SolutionConfigurationPlatforms) = preSolution
		Debug|x64 = Debug|x64
		Debug|x86 = Debug|x86
		Release|x64 = Release|x64
		Release|x86 = Release|x86
	EndGlobalSection
	GlobalSection(ProjectConfigurationPlatforms) = postSolution
		{C51EB7FA-D6D7-403F-8F3C-63D2ABE18B1F}.Debug|x64.ActiveCfg = Debug|x64
		{C51EB7FA-D6D7-403F-8F3C-63D2ABE18B1F}.Debug|x64.Build.0 = Debug|x64
		{C51EB7FA-D6D7-403F-8F3C-63D2ABE18B1F}.Debug|x86.ActiveCfg = Debug|Win32
		{C51EB7FA-D6D7-403F-8F3C-63D2ABE18B1F}.Debug|x86.Build.0 = Debug|Win32
		{C51EB7FA-D6D7-403F-8F3C-63D2ABE18B1F}.Release|x64.ActiveCfg = Release|x64
		{C51EB7FA-D6D7-403F-8F3C-63D2ABE18B1F}.Release|x64.Build.0 = Release|x64
		{C51EB7FA-D6D7-403F-8F3C-63D2ABE18B1F}.Release|x86.ActiveCfg = Release|Win32
		{C51EB7FA-D6D7-403F-8F3C-63D2ABE18B1F}.Release|x86.Build.0 = Release|Win32
	EndGlobalSection
	GlobalSection(SolutionProperties) = preSolution
		HideSolutionNode = FALSE
	EndGlobalSection
	GlobalSection(ExtensibilityGlobals) = postSolution
		SolutionGuid = {48E82836-5A88-4B53-A642-2FA153046C88}
	EndGlobalSection
EndGlobal
